{
	"name": "@scion-scxml/sourcemap-plugin",
	"version": "1.0.23",
	"lockfileVersion": 1,
	"requires": true,
	"dependencies": {
		"@scion-scxml/vm-browserify": {
			"version": "0.0.6",
			"resolved": "https://registry.npmjs.org/@scion-scxml/vm-browserify/-/vm-browserify-0.0.6.tgz",
			"integrity": "sha512-DrFFqnZ5huggZMclpPAN1z2C8hISpk2az87edRP+lBFWzFXnYV5yLewYFbtzzmJ+5vUePBDpv9xY/ivl5eSP0w==",
			"requires": {
				"indexof": "0.0.1"
			}
		},
		"esprima": {
			"version": "4.0.0",
			"resolved": "https://registry.npmjs.org/esprima/-/esprima-4.0.0.tgz",
			"integrity": "sha512-oftTcaMu/EGrEIu904mWteKIv8vMuOgGYo7EhVJJN00R/EED9DCua/xxHRdYnKtcECzVg7xOWhflvJMnqcFZjw=="
		},
		"indexof": {
			"version": "0.0.1",
			"resolved": "https://registry.npmjs.org/indexof/-/indexof-0.0.1.tgz",
			"integrity": "sha1-gtwzbSMrkGIXnQWrMpOmYFn9Q10="
		},
		"source-map": {
			"version": "0.6.1",
			"resolved": "https://registry.npmjs.org/source-map/-/source-map-0.6.1.tgz",
			"integrity": "sha512-UjgapumWlbMhkBgzT7Ykc5YXUT46F0iKu8SGXq0bcwP5dz/h0Plj6enJqjz1Zbq2l5WaqYnrVbwWOWMyF3F47g=="
		}
	}
}
